// !$*UTF8*$!
{
	archiveVersion = 1;
	classes = {
	};
	objectVersion = 46;
	objects = {

/* Begin PBXBuildFile section */
		A092118E1D957A7F00E2BD85 /* main.m in Sources */ = {isa = PBXBuildFile; fileRef = A092118D1D957A7F00E2BD85 /* main.m */; };
		A09211911D957A7F00E2BD85 /* AppDelegate.m in Sources */ = {isa = PBXBuildFile; fileRef = A09211901D957A7F00E2BD85 /* AppDelegate.m */; };
		A09211941D957A7F00E2BD85 /* ViewController.m in Sources */ = {isa = PBXBuildFile; fileRef = A09211931D957A7F00E2BD85 /* ViewController.m */; };
		A09211971D957A7F00E2BD85 /* Main.storyboard in Resources */ = {isa = PBXBuildFile; fileRef = A09211951D957A7F00E2BD85 /* Main.storyboard */; };
		A09211991D957A7F00E2BD85 /* Assets.xcassets in Resources */ = {isa = PBXBuildFile; fileRef = A09211981D957A7F00E2BD85 /* Assets.xcassets */; };
		A092119C1D957A7F00E2BD85 /* LaunchScreen.storyboard in Resources */ = {isa = PBXBuildFile; fileRef = A092119A1D957A7F00E2BD85 /* LaunchScreen.storyboard */; };
/* End PBXBuildFile section */

/* Begin PBXFileReference section */
		A09211891D957A7F00E2BD85 /* xxxxx.app */ = {isa = PBXFileReference; explicitFileType = wrapper.application; includeInIndex = 0; path = xxxxx.app; sourceTree = BUILT_PRODUCTS_DIR; };
		A092118D1D957A7F00E2BD85 /* main.m */ = {isa = PBXFileReference; lastKnownFileType = sourcecode.c.objc; path = main.m; sourceTree = "<group>"; };
		A092118F1D957A7F00E2BD85 /* AppDelegate.h */ = {isa = PBXFileReference; lastKnownFileType = sourcecode.c.h; path = AppDelegate.h; sourceTree = "<group>"; };
		A09211901D957A7F00E2BD85 /* AppDelegate.m */ = {isa = PBXFileReference; lastKnownFileType = sourcecode.c.objc; path = AppDelegate.m; sourceTree = "<group>"; };
		A09211921D957A7F00E2BD85 /* ViewController.h */ = {isa = PBXFileReference; lastKnownFileType = sourcecode.c.h; path = ViewController.h; sourceTree = "<group>"; };
		A09211931D957A7F00E2BD85 /* ViewController.m */ = {isa = PBXFileReference; lastKnownFileType = sourcecode.c.objc; path = ViewController.m; sourceTree = "<group>"; };
		A09211961D957A7F00E2BD85 /* Base */ = {isa = PBXFileReference; lastKnownFileType = file.storyboard; name = Base; path = Base.lproj/Main.storyboard; sourceTree = "<group>"; };
		A09211981D957A7F00E2BD85 /* Assets.xcassets */ = {isa = PBXFileReference; lastKnownFileType = folder.assetcatalog; path = Assets.xcassets; sourceTree = "<group>"; };
		A092119B1D957A7F00E2BD85 /* Base */ = {isa = PBXFileReference; lastKnownFileType = file.storyboard; name = Base; path = Base.lproj/LaunchScreen.storyboard; sourceTree = "<group>"; };
		A092119D1D957A7F00E2BD85 /* Info.plist */ = {isa = PBXFileReference; lastKnownFileType = text.plist.xml; path = Info.plist; sourceTree = "<group>"; };
/* End PBXFileReference section */

/* Begin PBXFrameworksBuildPhase section */
		A09211861D957A7F00E2BD85 /* Frameworks */ = {
			isa = PBXFrameworksBuildPhase;
			buildActionMask = 2147483647;
			files = (
			);
			runOnlyForDeploymentPostprocessing = 0;
		};
/* End PBXFrameworksBuildPhase section */

/* Begin PBXGroup section */
		A09211801D957A7F00E2BD85 = {
			isa = PBXGroup;
			children = (
				A092118B1D957A7F00E2BD85 /* xxxxx */,
				A092118A1D957A7F00E2BD85 /* Products */,
			);
			sourceTree = "<group>";
		};
		A092118A1D957A7F00E2BD85 /* Products */ = {
			isa = PBXGroup;
			children = (
				A09211891D957A7F00E2BD85 /* xxxxx.app */,
			);
			name = Products;
			sourceTree = "<group>";
		};
		A092118B1D957A7F00E2BD85 /* xxxxx */ = {
			isa = PBXGroup;
			children = (
				A092118F1D957A7F00E2BD85 /* AppDelegate.h */,
				A09211901D957A7F00E2BD85 /* AppDelegate.m */,
				A09211921D957A7F00E2BD85 /* ViewController.h */,
				A09211931D957A7F00E2BD85 /* ViewController.m */,
				A09211951D957A7F00E2BD85 /* Main.storyboard */,
				A09211981D957A7F00E2BD85 /* Assets.xcassets */,
				A092119A1D957A7F00E2BD85 /* LaunchScreen.storyboard */,
				A092119D1D957A7F00E2BD85 /* Info.plist */,
				A092118C1D957A7F00E2BD85 /* Supporting Files */,
			);
			path = xxxxx;
			sourceTree = "<group>";
		};
		A092118C1D957A7F00E2BD85 /* Supporting Files */ = {
			isa = PBXGroup;
			children = (
				A092118D1D957A7F00E2BD85 /* main.m */,
			);
			name = "Supporting Files";
			sourceTree = "<group>";
		};
/* End PBXGroup section */

/* Begin PBXNativeTarget section */
		A09211881D957A7F00E2BD85 /* xxxxx */ = {
			isa = PBXNativeTarget;
			buildConfigurationList = A09211A01D957A7F00E2BD85 /* Build configuration list for PBXNativeTarget "xxxxx" */;
			buildPhases = (
				A09211851D957A7F00E2BD85 /* Sources */,
				A09211861D957A7F00E2BD85 /* Frameworks */,
				A09211871D957A7F00E2BD85 /* Resources */,
			);
			buildRules = (
			);
			dependencies = (
			);
			name = xxxxx;
			productName = xxxxx;
			productReference = A09211891D957A7F00E2BD85 /* xxxxx.app */;
			productType = "com.apple.product-type.application";
		};
/* End PBXNativeTarget section */

/* Begin PBXProject section */
		A09211811D957A7F00E2BD85 /* Project object */ = {
			isa = PBXProject;
			attributes = {
				LastUpgradeCheck = 0730;
				ORGANIZATIONNAME = "上海优蜜科技有限公司";
				TargetAttributes = {
					A09211881D957A7F00E2BD85 = {
						CreatedOnToolsVersion = 7.3;
					};
				};
			};
			buildConfigurationList = A09211841D957A7F00E2BD85 /* Build configuration list for PBXProject "xxxxx" */;
			compatibilityVersion = "Xcode 3.2";
			developmentRegion = English;
			hasScannedForEncodings = 0;
			knownRegions = (
				en,
				Base,
			);
			mainGroup = A09211801D957A7F00E2BD85;
			productRefGroup = A092118A1D957A7F00E2BD85 /* Products */;
			projectDirPath = "";
			projectRoot = "";
			targets = (
				A09211881D957A7F00E2BD85 /* xxxxx */,
			);
		};
/* End PBXProject section */

/* Begin PBXResourcesBuildPhase section */
		A09211871D957A7F00E2BD85 /* Resources */ = {
			isa = PBXResourcesBuildPhase;
			buildActionMask = 2147483647;
			files = (
				A092119C1D957A7F00E2BD85 /* LaunchScreen.storyboard in Resources */,
				A09211991D957A7F00E2BD85 /* Assets.xcassets in Resources */,
				A09211971D957A7F00E2BD85 /* Main.storyboard in Resources */,
			);
			runOnlyForDeploymentPostprocessing = 0;
		};
/* End PBXResourcesBuildPhase section */

/* Begin PBXSourcesBuildPhase section */
		A09211851D957A7F00E2BD85 /* Sources */ = {
			isa = PBXSourcesBuildPhase;
			buildActionMask = 2147483647;
			files = (
				A09211941D957A7F00E2BD85 /* ViewController.m in Sources */,
				A09211911D957A7F00E2BD85 /* AppDelegate.m in Sources */,
				A092118E1D957A7F00E2BD85 /* main.m in Sources */,
			);
			runOnlyForDeploymentPostprocessing = 0;
		};
/* End PBXSourcesBuildPhase section */

/* Begin PBXVariantGroup section */
		A09211951D957A7F00E2BD85 /* Main.storyboard */ = {
			isa = PBXVariantGroup;
			children = (
				A09211961D957A7F00E2BD85 /* Base */,
			);
			name = Main.storyboard;
			sourceTree = "<group>";
		};
		A092119A1D957A7F00E2BD85 /* LaunchScreen.storyboard */ = {
			isa = PBXVariantGroup;
			children = (
				A092119B1D957A7F00E2BD85 /* Base */,
			);
			name = LaunchScreen.storyboard;
			sourceTree = "<group>";
		};
/* End PBXVariantGroup section */

/* Begin XCBuildConfiguration section */
		A092119E1D957A7F00E2BD85 /* Debug */ = {
			isa = XCBuildConfiguration;
			buildSettings = {
				ALWAYS_SEARCH_USER_PATHS = NO;
				CLANG_ANALYZER_NONNULL = YES;
				CLANG_CXX_LANGUAGE_STANDARD = "gnu++0x";
				CLANG_CXX_LIBRARY = "libc++";
				CLANG_ENABLE_MODULES = YES;
				CLANG_ENABLE_OBJC_ARC = YES;
				CLANG_WARN_BOOL_CONVERSION = YES;
				CLANG_WARN_CONSTANT_CONVERSION = YES;
				CLANG_WARN_DIRECT_OBJC_ISA_USAGE = YES_ERROR;
				CLANG_WARN_EMPTY_BODY = YES;
				CLANG_WARN_ENUM_CONVERSION = YES;
				CLANG_WARN_INT_CONVERSION = YES;
				CLANG_WARN_OBJC_ROOT_CLASS = YES_ERROR;
				CLANG_WARN_UNREACHABLE_CODE = YES;
				CLANG_WARN__DUPLICATE_METHOD_MATCH = YES;
				"CODE_SIGN_IDENTITY[sdk=iphoneos*]" = "iPhone Developer";
				COPY_PHASE_STRIP = NO;
				DEBUG_INFORMATION_FORMAT = dwarf;
				ENABLE_STRICT_OBJC_MSGSEND = YES;
				ENABLE_TESTABILITY = YES;
				GCC_C_LANGUAGE_STANDARD = gnu99;
				GCC_DYNAMIC_NO_PIC = NO;
				GCC_NO_COMMON_BLOCKS = YES;
				GCC_OPTIMIZATION_LEVEL = 0;
				GCC_PREPROCESSOR_DEFINITIONS = (
					"DEBUG=1",
					"$(inherited)",
				);
				GCC_WARN_64_TO_32_BIT_CONVERSION = YES;
				GCC_WARN_ABOUT_RETURN_TYPE = YES_ERROR;
				GCC_WARN_UNDECLARED_SELECTOR = YES;
				GCC_WARN_UNINITIALIZED_AUTOS = YES_AGGRESSIVE;
				GCC_WARN_UNUSED_FUNCTION = YES;
				GCC_WARN_UNUSED_VARIABLE = YES;
				IPHONEOS_DEPLOYMENT_TARGET = 9.3;
				MTL_ENABLE_DEBUG_INFO = YES;
				ONLY_ACTIVE_ARCH = YES;
				SDKROOT = iphoneos;
				TARGETED_DEVICE_FAMILY = "1,2";
			};
			name = Debug;
		};
		A092119F1D957A7F00E2BD85 /* Release */ = {
			isa = XCBuildConfiguration;
			buildSettings = {
				ALWAYS_SEARCH_USER_PATHS = NO;
				CLANG_ANALYZER_NONNULL = YES;
				CLANG_CXX_LANGUAGE_STANDARD = "gnu++0x";
				CLANG_CXX_LIBRARY = "libc++";
				CLANG_ENABLE_MODULES = YES;
				CLANG_ENABLE_OBJC_ARC = YES;
				CLANG_WARN_BOOL_CONVERSION = YES;
				CLANG_WARN_CONSTANT_CONVERSION = YES;
				CLANG_WARN_DIRECT_OBJC_ISA_USAGE = YES_ERROR;
				CLANG_WARN_EMPTY_BODY = YES;
				CLANG_WARN_ENUM_CONVERSION = YES;
				CLANG_WARN_INT_CONVERSION = YES;
				CLANG_WARN_OBJC_ROOT_CLASS = YES_ERROR;
				CLANG_WARN_UNREACHABLE_CODE = YES;
				CLANG_WARN__DUPLICATE_METHOD_MATCH = YES;
				"CODE_SIGN_IDENTITY[sdk=iphoneos*]" = "iPhone Developer";
				COPY_PHASE_STRIP = NO;
				DEBUG_INFORMATION_FORMAT = "dwarf-with-dsym";
				ENABLE_NS_ASSERTIONS = NO;
				ENABLE_STRICT_OBJC_MSGSEND = YES;
				GCC_C_LANGUAGE_STANDARD = gnu99;
				GCC_NO_COMMON_BLOCKS = YES;
				GCC_WARN_64_TO_32_BIT_CONVERSION = YES;
				GCC_WARN_ABOUT_RETURN_TYPE = YES_ERROR;
				GCC_WARN_UNDECLARED_SELECTOR = YES;
				GCC_WARN_UNINITIALIZED_AUTOS = YES_AGGRESSIVE;
				GCC_WARN_UNUSED_FUNCTION = YES;
				GCC_WARN_UNUSED_VARIABLE = YES;
				IPHONEOS_DEPLOYMENT_TARGET = 9.3;
				MTL_ENABLE_DEBUG_INFO = NO;
				SDKROOT = iphoneos;
				TARGETED_DEVICE_FAMILY = "1,2";
				VALIDATE_PRODUCT = YES;
			};
			name = Release;
		};
		A09211A11D957A7F00E2BD85 /* Debug */ = {
			isa = XCBuildConfiguration;
			buildSettings = {
				ASSETCATALOG_COMPILER_APPICON_NAME = AppIcon;
				INFOPLIST_FILE = xxxxx/Info.plist;
				LD_RUNPATH_SEARCH_PATHS = "$(inherited) @executable_path/Frameworks";
				PRODUCT_BUNDLE_IDENTIFIER = com.you.xxxxx;
				PRODUCT_NAME = "$(TARGET_NAME)";
			};
			name = Debug;
		};
		A09211A21D957A7F00E2BD85 /* Release */ = {
			isa = XCBuildConfiguration;
			buildSettings = {
				ASSETCATALOG_COMPILER_APPICON_NAME = AppIcon;
				INFOPLIST_FILE = xxxxx/Info.plist;
				LD_RUNPATH_SEARCH_PATHS = "$(inherited) @executable_path/Frameworks";
				PRODUCT_BUNDLE_IDENTIFIER = com.you.xxxxx;
				PRODUCT_NAME = "$(TARGET_NAME)";
			};
			name = Release;
		};
/* End XCBuildConfiguration section */

/* Begin XCConfigurationList section */
		A09211841D957A7F00E2BD85 /* Build configuration list for PBXProject "xxxxx" */ = {
			isa = XCConfigurationList;
			buildConfigurations = (
				A092119E1D957A7F00E2BD85 /* Debug */,
				A092119F1D957A7F00E2BD85 /* Release */,
			);
			defaultConfigurationIsVisible = 0;
			defaultConfigurationName = Release;
		};
		A09211A01D957A7F00E2BD85 /* Build configuration list for PBXNativeTarget "xxxxx" */ = {
			isa = XCConfigurationList;
			buildConfigurations = (
				A09211A11D957A7F00E2BD85 /* Debug */,
				A09211A21D957A7F00E2BD85 /* Release */,
			);
			defaultConfigurationIsVisible = 0;
		};
/* End XCConfigurationList section */
	};
	rootObject = A09211811D957A7F00E2BD85 /* Project object */;
}
